
Microsoft Visual Studio Solution File, Format Version 12.00
# Visual Studio 14
VisualStudioVersion = 14.0.23107.0
MinimumVisualStudioVersion = 10.0.40219.1
Project("{FAE04EC0-301F-11D3-BF4B-00C04F79EFBC}") = "ICFP16", "ICFP16\ICFP16.csproj", "{898B75EA-FA0B-4C3F-8513-2E3A86884847}"
EndProject
Project("{2150E333-8FDC-42A3-9474-1A3956D46DE8}") = "Solution Items", "Solution Items", "{77D4FF32-76B9-488F-83FB-D5F4D3AE47A9}"
	ProjectSection(SolutionItems) = preProject
		Performance1.psess = Performance1.psess
	EndProjectSection
EndProject
Global
	GlobalSection(Performance) = preSolution
		HasPerformanceSessions = true
	EndGlobalSection
	GlobalSection(SolutionConfigurationPlatforms) = preSolution
		Debug|Any CPU = Debug|Any CPU
		Release|Any CPU = Release|Any CPU
	EndGlobalSection
	GlobalSection(ProjectConfigurationPlatforms) = postSolution
		{898B75EA-FA0B-4C3F-8513-2E3A86884847}.Debug|Any CPU.ActiveCfg = Debug|Any CPU
		{898B75EA-FA0B-4C3F-8513-2E3A86884847}.Debug|Any CPU.Build.0 = Debug|Any CPU
		{898B75EA-FA0B-4C3F-8513-2E3A86884847}.Release|Any CPU.ActiveCfg = Release|Any CPU
		{898B75EA-FA0B-4C3F-8513-2E3A86884847}.Release|Any CPU.Build.0 = Release|Any CPU
	EndGlobalSection
	GlobalSection(SolutionProperties) = preSolution
		HideSolutionNode = FALSE
	EndGlobalSection
EndGlobal
